
Microsoft Visual Studio Solution File, Format Version 12.00
# Visual Studio Version 16
VisualStudioVersion = 16.0.33130.400
MinimumVisualStudioVersion = 10.0.40219.1
Project("{888888A0-9F3D-457C-B088-3A5042F75D52}") = "Trig", "Trig\Trig.pyproj", "{CE47D705-FC4A-4EA5-9C94-1515F9CD54DA}"
EndProject
Global
	GlobalSection(SolutionConfigurationPlatforms) = preSolution
		Debug|Any CPU = Debug|Any CPU
		Release|Any CPU = Release|Any CPU
	EndGlobalSection
	GlobalSection(ProjectConfigurationPlatforms) = postSolution
		{CE47D705-FC4A-4EA5-9C94-1515F9CD54DA}.Debug|Any CPU.ActiveCfg = Debug|Any CPU
		{CE47D705-FC4A-4EA5-9C94-1515F9CD54DA}.Release|Any CPU.ActiveCfg = Release|Any CPU
	EndGlobalSection
	GlobalSection(SolutionProperties) = preSolution
		HideSolutionNode = FALSE
	EndGlobalSection
	GlobalSection(ExtensibilityGlobals) = postSolution
		SolutionGuid = {34E0699C-5059-4A2D-BF35-2A4D61128D7A}
	EndGlobalSection
EndGlobal
